
Microsoft Visual Studio Solution File, Format Version 12.00
Project("{8BC9CEB8-8B4A-11D0-8D11-00A0C91BC942}") = "A_Variables", "A_Variables.vcxproj", "{322CC6BB-6279-4B94-9635-66C1C6CE4927}"
EndProject
Project("{8BC9CEB8-8B4A-11D0-8D11-00A0C91BC942}") = "B_Conditions", "B_Conditions\B_Conditions.vcxproj", "{85C3FAA7-5017-4CA4-9AE0-F1CDD865C2BF}"
EndProject
Project("{8BC9CEB8-8B4A-11D0-8D11-00A0C91BC942}") = "C_Loops", "C_Loops\C_Loops.vcxproj", "{4A92124D-7F49-49E0-8037-A4E38C80F5E7}"
EndProject
Project("{8BC9CEB8-8B4A-11D0-8D11-00A0C91BC942}") = "I_MathPazles", "I_MathPazles\I_MathPazles.vcxproj", "{83728050-FE93-44F0-A533-7582BA46A772}"
EndProject
Project("{8BC9CEB8-8B4A-11D0-8D11-00A0C91BC942}") = "F_Directives", "F_Directives\F_Directives.vcxproj", "{F28A5436-37AE-491F-82E4-BC46BD90C5F3}"
EndProject
Project("{8BC9CEB8-8B4A-11D0-8D11-00A0C91BC942}") = "E_Functions", "E_Functions\E_Functions.vcxproj", "{0A4921F1-F939-4E76-89A5-DEE79B0FFBF2}"
EndProject
Project("{8BC9CEB8-8B4A-11D0-8D11-00A0C91BC942}") = "G_Pointers", "G_Pointers\G_Pointers.vcxproj", "{98F9ACFB-4AC6-4981-9607-B3D58E0E4B3D}"
EndProject
Project("{8BC9CEB8-8B4A-11D0-8D11-00A0C91BC942}") = "D_Array", "D_Array\D_Array.vcxproj", "{AA532C82-A783-427C-941E-18A2D06C0AF3}"
EndProject
Project("{8BC9CEB8-8B4A-11D0-8D11-00A0C91BC942}") = "H_Structs", "H_Structs\H_Structs.vcxproj", "{7772D9EE-23B9-43FE-86FD-40AC3DC84DB0}"
EndProject
Project("{8BC9CEB8-8B4A-11D0-8D11-00A0C91BC942}") = "L_SortAlg", "L_SortAlg\L_SortAlg.vcxproj", "{EEB98ED2-1915-4476-8B66-21061388635F}"
EndProject
Project("{8BC9CEB8-8B4A-11D0-8D11-00A0C91BC942}") = "J_Classes", "J_Classes\J_Classes.vcxproj", "{E8B6B687-271F-4731-874C-B57AF69143F6}"
EndProject
Project("{8BC9CEB8-8B4A-11D0-8D11-00A0C91BC942}") = "K_Files", "K_Files\K_Files.vcxproj", "{D0CBDA02-B815-43E5-BF1A-2C646F6CC72E}"
EndProject
Project("{8BC9CEB8-8B4A-11D0-8D11-00A0C91BC942}") = "N_SearchWay", "N_SearchWay\N_SearchWay.vcxproj", "{3BF79A09-6F36-46C9-B150-CF3F09A431E3}"
EndProject
Project("{8BC9CEB8-8B4A-11D0-8D11-00A0C91BC942}") = "M_DataStructs", "M_DataStructs\M_DataStructs.vcxproj", "{2FF831BC-EF63-4CE6-A539-B279662B5BC0}"
EndProject
Project("{8BC9CEB8-8B4A-11D0-8D11-00A0C91BC942}") = "O_Propability", "O_Propability\O_Propability.vcxproj", "{CC923DA1-0DE8-4038-BA34-ACD4A5FD4ADE}"
EndProject
Project("{8BC9CEB8-8B4A-11D0-8D11-00A0C91BC942}") = "P_UniversityProgramming", "P_UniversityProgramming\P_UniversityProgramming.vcxproj", "{F862A030-B205-4455-AE72-552EDE806306}"
EndProject
Global
	GlobalSection(SolutionConfigurationPlatforms) = preSolution
		Debug|Win32 = Debug|Win32
		Debug|x64 = Debug|x64
		Release|Win32 = Release|Win32
		Release|x64 = Release|x64
	EndGlobalSection
	GlobalSection(ProjectConfigurationPlatforms) = postSolution
		{322CC6BB-6279-4B94-9635-66C1C6CE4927}.Debug|Win32.ActiveCfg = Debug|Win32
		{322CC6BB-6279-4B94-9635-66C1C6CE4927}.Debug|Win32.Build.0 = Debug|Win32
		{322CC6BB-6279-4B94-9635-66C1C6CE4927}.Debug|x64.ActiveCfg = Debug|x64
		{322CC6BB-6279-4B94-9635-66C1C6CE4927}.Debug|x64.Build.0 = Debug|x64
		{322CC6BB-6279-4B94-9635-66C1C6CE4927}.Release|Win32.ActiveCfg = Release|Win32
		{322CC6BB-6279-4B94-9635-66C1C6CE4927}.Release|Win32.Build.0 = Release|Win32
		{322CC6BB-6279-4B94-9635-66C1C6CE4927}.Release|x64.ActiveCfg = Release|x64
		{322CC6BB-6279-4B94-9635-66C1C6CE4927}.Release|x64.Build.0 = Release|x64
		{85C3FAA7-5017-4CA4-9AE0-F1CDD865C2BF}.Debug|Win32.ActiveCfg = Debug|Win32
		{85C3FAA7-5017-4CA4-9AE0-F1CDD865C2BF}.Debug|Win32.Build.0 = Debug|Win32
		{85C3FAA7-5017-4CA4-9AE0-F1CDD865C2BF}.Debug|x64.ActiveCfg = Debug|x64
		{85C3FAA7-5017-4CA4-9AE0-F1CDD865C2BF}.Debug|x64.Build.0 = Debug|x64
		{85C3FAA7-5017-4CA4-9AE0-F1CDD865C2BF}.Release|Win32.ActiveCfg = Release|Win32
		{85C3FAA7-5017-4CA4-9AE0-F1CDD865C2BF}.Release|Win32.Build.0 = Release|Win32
		{85C3FAA7-5017-4CA4-9AE0-F1CDD865C2BF}.Release|x64.ActiveCfg = Release|x64
		{85C3FAA7-5017-4CA4-9AE0-F1CDD865C2BF}.Release|x64.Build.0 = Release|x64
		{4A92124D-7F49-49E0-8037-A4E38C80F5E7}.Debug|Win32.ActiveCfg = Debug|Win32
		{4A92124D-7F49-49E0-8037-A4E38C80F5E7}.Debug|Win32.Build.0 = Debug|Win32
		{4A92124D-7F49-49E0-8037-A4E38C80F5E7}.Debug|x64.ActiveCfg = Debug|x64
		{4A92124D-7F49-49E0-8037-A4E38C80F5E7}.Debug|x64.Build.0 = Debug|x64
		{4A92124D-7F49-49E0-8037-A4E38C80F5E7}.Release|Win32.ActiveCfg = Release|Win32
		{4A92124D-7F49-49E0-8037-A4E38C80F5E7}.Release|Win32.Build.0 = Release|Win32
		{4A92124D-7F49-49E0-8037-A4E38C80F5E7}.Release|x64.ActiveCfg = Release|x64
		{4A92124D-7F49-49E0-8037-A4E38C80F5E7}.Release|x64.Build.0 = Release|x64
		{83728050-FE93-44F0-A533-7582BA46A772}.Debug|Win32.ActiveCfg = Debug|Win32
		{83728050-FE93-44F0-A533-7582BA46A772}.Debug|Win32.Build.0 = Debug|Win32
		{83728050-FE93-44F0-A533-7582BA46A772}.Debug|x64.ActiveCfg = Debug|x64
		{83728050-FE93-44F0-A533-7582BA46A772}.Debug|x64.Build.0 = Debug|x64
		{83728050-FE93-44F0-A533-7582BA46A772}.Release|Win32.ActiveCfg = Release|Win32
		{83728050-FE93-44F0-A533-7582BA46A772}.Release|Win32.Build.0 = Release|Win32
		{83728050-FE93-44F0-A533-7582BA46A772}.Release|x64.ActiveCfg = Release|x64
		{83728050-FE93-44F0-A533-7582BA46A772}.Release|x64.Build.0 = Release|x64
		{F28A5436-37AE-491F-82E4-BC46BD90C5F3}.Debug|Win32.ActiveCfg = Debug|Win32
		{F28A5436-37AE-491F-82E4-BC46BD90C5F3}.Debug|Win32.Build.0 = Debug|Win32
		{F28A5436-37AE-491F-82E4-BC46BD90C5F3}.Debug|x64.ActiveCfg = Debug|x64
		{F28A5436-37AE-491F-82E4-BC46BD90C5F3}.Debug|x64.Build.0 = Debug|x64
		{F28A5436-37AE-491F-82E4-BC46BD90C5F3}.Release|Win32.ActiveCfg = Release|Win32
		{F28A5436-37AE-491F-82E4-BC46BD90C5F3}.Release|Win32.Build.0 = Release|Win32
		{F28A5436-37AE-491F-82E4-BC46BD90C5F3}.Release|x64.ActiveCfg = Release|x64
		{F28A5436-37AE-491F-82E4-BC46BD90C5F3}.Release|x64.Build.0 = Release|x64
		{0A4921F1-F939-4E76-89A5-DEE79B0FFBF2}.Debug|Win32.ActiveCfg = Debug|Win32
		{0A4921F1-F939-4E76-89A5-DEE79B0FFBF2}.Debug|Win32.Build.0 = Debug|Win32
		{0A4921F1-F939-4E76-89A5-DEE79B0FFBF2}.Debug|x64.ActiveCfg = Debug|x64
		{0A4921F1-F939-4E76-89A5-DEE79B0FFBF2}.Debug|x64.Build.0 = Debug|x64
		{0A4921F1-F939-4E76-89A5-DEE79B0FFBF2}.Release|Win32.ActiveCfg = Release|Win32
		{0A4921F1-F939-4E76-89A5-DEE79B0FFBF2}.Release|Win32.Build.0 = Release|Win32
		{0A4921F1-F939-4E76-89A5-DEE79B0FFBF2}.Release|x64.ActiveCfg = Release|x64
		{0A4921F1-F939-4E76-89A5-DEE79B0FFBF2}.Release|x64.Build.0 = Release|x64
		{98F9ACFB-4AC6-4981-9607-B3D58E0E4B3D}.Debug|Win32.ActiveCfg = Debug|Win32
		{98F9ACFB-4AC6-4981-9607-B3D58E0E4B3D}.Debug|Win32.Build.0 = Debug|Win32
		{98F9ACFB-4AC6-4981-9607-B3D58E0E4B3D}.Debug|x64.ActiveCfg = Debug|x64
		{98F9ACFB-4AC6-4981-9607-B3D58E0E4B3D}.Debug|x64.Build.0 = Debug|x64
		{98F9ACFB-4AC6-4981-9607-B3D58E0E4B3D}.Release|Win32.ActiveCfg = Release|Win32
		{98F9ACFB-4AC6-4981-9607-B3D58E0E4B3D}.Release|Win32.Build.0 = Release|Win32
		{98F9ACFB-4AC6-4981-9607-B3D58E0E4B3D}.Release|x64.ActiveCfg = Release|x64
		{98F9ACFB-4AC6-4981-9607-B3D58E0E4B3D}.Release|x64.Build.0 = Release|x64
		{AA532C82-A783-427C-941E-18A2D06C0AF3}.Debug|Win32.ActiveCfg = Debug|Win32
		{AA532C82-A783-427C-941E-18A2D06C0AF3}.Debug|Win32.Build.0 = Debug|Win32
		{AA532C82-A783-427C-941E-18A2D06C0AF3}.Debug|x64.ActiveCfg = Debug|x64
		{AA532C82-A783-427C-941E-18A2D06C0AF3}.Debug|x64.Build.0 = Debug|x64
		{AA532C82-A783-427C-941E-18A2D06C0AF3}.Release|Win32.ActiveCfg = Release|Win32
		{AA532C82-A783-427C-941E-18A2D06C0AF3}.Release|Win32.Build.0 = Release|Win32
		{AA532C82-A783-427C-941E-18A2D06C0AF3}.Release|x64.ActiveCfg = Release|x64
		{AA532C82-A783-427C-941E-18A2D06C0AF3}.Release|x64.Build.0 = Release|x64
		{7772D9EE-23B9-43FE-86FD-40AC3DC84DB0}.Debug|Win32.ActiveCfg = Debug|Win32
		{7772D9EE-23B9-43FE-86FD-40AC3DC84DB0}.Debug|Win32.Build.0 = Debug|Win32
		{7772D9EE-23B9-43FE-86FD-40AC3DC84DB0}.Debug|x64.ActiveCfg = Debug|x64
		{7772D9EE-23B9-43FE-86FD-40AC3DC84DB0}.Debug|x64.Build.0 = Debug|x64
		{7772D9EE-23B9-43FE-86FD-40AC3DC84DB0}.Release|Win32.ActiveCfg = Release|Win32
		{7772D9EE-23B9-43FE-86FD-40AC3DC84DB0}.Release|Win32.Build.0 = Release|Win32
		{7772D9EE-23B9-43FE-86FD-40AC3DC84DB0}.Release|x64.ActiveCfg = Release|x64
		{7772D9EE-23B9-43FE-86FD-40AC3DC84DB0}.Release|x64.Build.0 = Release|x64
		{EEB98ED2-1915-4476-8B66-21061388635F}.Debug|Win32.ActiveCfg = Debug|Win32
		{EEB98ED2-1915-4476-8B66-21061388635F}.Debug|Win32.Build.0 = Debug|Win32
		{EEB98ED2-1915-4476-8B66-21061388635F}.Debug|x64.ActiveCfg = Debug|x64
		{EEB98ED2-1915-4476-8B66-21061388635F}.Debug|x64.Build.0 = Debug|x64
		{EEB98ED2-1915-4476-8B66-21061388635F}.Release|Win32.ActiveCfg = Release|Win32
		{EEB98ED2-1915-4476-8B66-21061388635F}.Release|Win32.Build.0 = Release|Win32
		{EEB98ED2-1915-4476-8B66-21061388635F}.Release|x64.ActiveCfg = Release|x64
		{EEB98ED2-1915-4476-8B66-21061388635F}.Release|x64.Build.0 = Release|x64
		{E8B6B687-271F-4731-874C-B57AF69143F6}.Debug|Win32.ActiveCfg = Debug|Win32
		{E8B6B687-271F-4731-874C-B57AF69143F6}.Debug|Win32.Build.0 = Debug|Win32
		{E8B6B687-271F-4731-874C-B57AF69143F6}.Debug|x64.ActiveCfg = Debug|x64
		{E8B6B687-271F-4731-874C-B57AF69143F6}.Debug|x64.Build.0 = Debug|x64
		{E8B6B687-271F-4731-874C-B57AF69143F6}.Release|Win32.ActiveCfg = Release|Win32
		{E8B6B687-271F-4731-874C-B57AF69143F6}.Release|Win32.Build.0 = Release|Win32
		{E8B6B687-271F-4731-874C-B57AF69143F6}.Release|x64.ActiveCfg = Release|x64
		{E8B6B687-271F-4731-874C-B57AF69143F6}.Release|x64.Build.0 = Release|x64
		{D0CBDA02-B815-43E5-BF1A-2C646F6CC72E}.Debug|Win32.ActiveCfg = Debug|Win32
		{D0CBDA02-B815-43E5-BF1A-2C646F6CC72E}.Debug|Win32.Build.0 = Debug|Win32
		{D0CBDA02-B815-43E5-BF1A-2C646F6CC72E}.Debug|x64.ActiveCfg = Debug|x64
		{D0CBDA02-B815-43E5-BF1A-2C646F6CC72E}.Debug|x64.Build.0 = Debug|x64
		{D0CBDA02-B815-43E5-BF1A-2C646F6CC72E}.Release|Win32.ActiveCfg = Release|Win32
		{D0CBDA02-B815-43E5-BF1A-2C646F6CC72E}.Release|Win32.Build.0 = Release|Win32
		{D0CBDA02-B815-43E5-BF1A-2C646F6CC72E}.Release|x64.ActiveCfg = Release|x64
		{D0CBDA02-B815-43E5-BF1A-2C646F6CC72E}.Release|x64.Build.0 = Release|x64
		{3BF79A09-6F36-46C9-B150-CF3F09A431E3}.Debug|Win32.ActiveCfg = Debug|Win32
		{3BF79A09-6F36-46C9-B150-CF3F09A431E3}.Debug|Win32.Build.0 = Debug|Win32
		{3BF79A09-6F36-46C9-B150-CF3F09A431E3}.Debug|x64.ActiveCfg = Debug|x64
		{3BF79A09-6F36-46C9-B150-CF3F09A431E3}.Debug|x64.Build.0 = Debug|x64
		{3BF79A09-6F36-46C9-B150-CF3F09A431E3}.Release|Win32.ActiveCfg = Release|Win32
		{3BF79A09-6F36-46C9-B150-CF3F09A431E3}.Release|Win32.Build.0 = Release|Win32
		{3BF79A09-6F36-46C9-B150-CF3F09A431E3}.Release|x64.ActiveCfg = Release|x64
		{3BF79A09-6F36-46C9-B150-CF3F09A431E3}.Release|x64.Build.0 = Release|x64
		{2FF831BC-EF63-4CE6-A539-B279662B5BC0}.Debug|Win32.ActiveCfg = Debug|Win32
		{2FF831BC-EF63-4CE6-A539-B279662B5BC0}.Debug|Win32.Build.0 = Debug|Win32
		{2FF831BC-EF63-4CE6-A539-B279662B5BC0}.Debug|x64.ActiveCfg = Debug|x64
		{2FF831BC-EF63-4CE6-A539-B279662B5BC0}.Debug|x64.Build.0 = Debug|x64
		{2FF831BC-EF63-4CE6-A539-B279662B5BC0}.Release|Win32.ActiveCfg = Release|Win32
		{2FF831BC-EF63-4CE6-A539-B279662B5BC0}.Release|Win32.Build.0 = Release|Win32
		{2FF831BC-EF63-4CE6-A539-B279662B5BC0}.Release|x64.ActiveCfg = Release|x64
		{2FF831BC-EF63-4CE6-A539-B279662B5BC0}.Release|x64.Build.0 = Release|x64
		{CC923DA1-0DE8-4038-BA34-ACD4A5FD4ADE}.Debug|Win32.ActiveCfg = Debug|Win32
		{CC923DA1-0DE8-4038-BA34-ACD4A5FD4ADE}.Debug|Win32.Build.0 = Debug|Win32
		{CC923DA1-0DE8-4038-BA34-ACD4A5FD4ADE}.Debug|x64.ActiveCfg = Debug|x64
		{CC923DA1-0DE8-4038-BA34-ACD4A5FD4ADE}.Debug|x64.Build.0 = Debug|x64
		{CC923DA1-0DE8-4038-BA34-ACD4A5FD4ADE}.Release|Win32.ActiveCfg = Release|Win32
		{CC923DA1-0DE8-4038-BA34-ACD4A5FD4ADE}.Release|Win32.Build.0 = Release|Win32
		{CC923DA1-0DE8-4038-BA34-ACD4A5FD4ADE}.Release|x64.ActiveCfg = Release|x64
		{CC923DA1-0DE8-4038-BA34-ACD4A5FD4ADE}.Release|x64.Build.0 = Release|x64
		{F862A030-B205-4455-AE72-552EDE806306}.Debug|Win32.ActiveCfg = Debug|Win32
		{F862A030-B205-4455-AE72-552EDE806306}.Debug|Win32.Build.0 = Debug|Win32
		{F862A030-B205-4455-AE72-552EDE806306}.Debug|x64.ActiveCfg = Debug|x64
		{F862A030-B205-4455-AE72-552EDE806306}.Debug|x64.Build.0 = Debug|x64
		{F862A030-B205-4455-AE72-552EDE806306}.Release|Win32.ActiveCfg = Release|Win32
		{F862A030-B205-4455-AE72-552EDE806306}.Release|Win32.Build.0 = Release|Win32
		{F862A030-B205-4455-AE72-552EDE806306}.Release|x64.ActiveCfg = Release|x64
		{F862A030-B205-4455-AE72-552EDE806306}.Release|x64.Build.0 = Release|x64
	EndGlobalSection
EndGlobal
